
Microsoft Visual Studio Solution File, Format Version 12.00
# Visual Studio Version 17
VisualStudioVersion = 17.0.31912.275
MinimumVisualStudioVersion = 10.0.40219.1
Project("{9A19103F-16F7-4668-BE54-9A1E7A4F7556}") = "FortyTwo.Server", "FortyTwo\Server\FortyTwo.Server.csproj", "{2E56F0FE-A44D-42D5-B6CA-C17E805DAAC2}"
EndProject
Project("{9A19103F-16F7-4668-BE54-9A1E7A4F7556}") = "FortyTwo.Client", "FortyTwo\Client\FortyTwo.Client.csproj", "{75A0C30E-B9F2-42B9-86C4-745F1A16AB98}"
EndProject
Project("{9A19103F-16F7-4668-BE54-9A1E7A4F7556}") = "FortyTwo.Shared", "FortyTwo\Shared\FortyTwo.Shared.csproj", "{81224A9A-94FA-4DCA-B4A5-5B863CA2D514}"
EndProject
Project("{9A19103F-16F7-4668-BE54-9A1E7A4F7556}") = "FortyTwo.Entity", "FortyTwo.Entity\FortyTwo.Entity.csproj", "{C3CA9396-8FD7-40B3-A21A-AF004689CF55}"
EndProject
Project("{2150E333-8FDC-42A3-9474-1A3956D46DE8}") = "Solution Items", "Solution Items", "{76CA0F7D-6F1A-4D8C-AD81-9FDD5FB23D2B}"
	ProjectSection(SolutionItems) = preProject
		.dockerignore = .dockerignore
	EndProjectSection
EndProject
Global
	GlobalSection(SolutionConfigurationPlatforms) = preSolution
		Debug|Any CPU = Debug|Any CPU
		Release|Any CPU = Release|Any CPU
	EndGlobalSection
	GlobalSection(ProjectConfigurationPlatforms) = postSolution
		{2E56F0FE-A44D-42D5-B6CA-C17E805DAAC2}.Debug|Any CPU.ActiveCfg = Debug|Any CPU
		{2E56F0FE-A44D-42D5-B6CA-C17E805DAAC2}.Debug|Any CPU.Build.0 = Debug|Any CPU
		{2E56F0FE-A44D-42D5-B6CA-C17E805DAAC2}.Release|Any CPU.ActiveCfg = Release|Any CPU
		{2E56F0FE-A44D-42D5-B6CA-C17E805DAAC2}.Release|Any CPU.Build.0 = Release|Any CPU
		{75A0C30E-B9F2-42B9-86C4-745F1A16AB98}.Debug|Any CPU.ActiveCfg = Debug|Any CPU
		{75A0C30E-B9F2-42B9-86C4-745F1A16AB98}.Debug|Any CPU.Build.0 = Debug|Any CPU
		{75A0C30E-B9F2-42B9-86C4-745F1A16AB98}.Release|Any CPU.ActiveCfg = Release|Any CPU
		{75A0C30E-B9F2-42B9-86C4-745F1A16AB98}.Release|Any CPU.Build.0 = Release|Any CPU
		{81224A9A-94FA-4DCA-B4A5-5B863CA2D514}.Debug|Any CPU.ActiveCfg = Debug|Any CPU
		{81224A9A-94FA-4DCA-B4A5-5B863CA2D514}.Debug|Any CPU.Build.0 = Debug|Any CPU
		{81224A9A-94FA-4DCA-B4A5-5B863CA2D514}.Release|Any CPU.ActiveCfg = Release|Any CPU
		{81224A9A-94FA-4DCA-B4A5-5B863CA2D514}.Release|Any CPU.Build.0 = Release|Any CPU
		{C3CA9396-8FD7-40B3-A21A-AF004689CF55}.Debug|Any CPU.ActiveCfg = Debug|Any CPU
		{C3CA9396-8FD7-40B3-A21A-AF004689CF55}.Debug|Any CPU.Build.0 = Debug|Any CPU
		{C3CA9396-8FD7-40B3-A21A-AF004689CF55}.Release|Any CPU.ActiveCfg = Release|Any CPU
		{C3CA9396-8FD7-40B3-A21A-AF004689CF55}.Release|Any CPU.Build.0 = Release|Any CPU
	EndGlobalSection
	GlobalSection(SolutionProperties) = preSolution
		HideSolutionNode = FALSE
	EndGlobalSection
	GlobalSection(ExtensibilityGlobals) = postSolution
		SolutionGuid = {5233488A-5C98-4F59-B469-21C58C1D3F9B}
	EndGlobalSection
EndGlobal
